
Microsoft Visual Studio Solution File, Format Version 12.00
# Visual Studio Version 17
VisualStudioVersion = 17.7.34221.43
MinimumVisualStudioVersion = 10.0.40219.1
Project("{FAE04EC0-301F-11D3-BF4B-00C04F79EFBC}") = "Codility-MaxSliceSum", "Codility-MaxSliceSum\Codility-MaxSliceSum.csproj", "{4F40E278-3576-4987-8913-3ACA87DD0528}"
EndProject
Project("{FAE04EC0-301F-11D3-BF4B-00C04F79EFBC}") = "Codility-MaxSliceSumTests", "Codility-MaxSliceSumTests\Codility-MaxSliceSumTests.csproj", "{38665C9F-13A2-4F9E-BFAC-FE391FC6BCDF}"
EndProject
Global
	GlobalSection(SolutionConfigurationPlatforms) = preSolution
		Debug|Any CPU = Debug|Any CPU
		Release|Any CPU = Release|Any CPU
	EndGlobalSection
	GlobalSection(ProjectConfigurationPlatforms) = postSolution
		{4F40E278-3576-4987-8913-3ACA87DD0528}.Debug|Any CPU.ActiveCfg = Debug|Any CPU
		{4F40E278-3576-4987-8913-3ACA87DD0528}.Debug|Any CPU.Build.0 = Debug|Any CPU
		{4F40E278-3576-4987-8913-3ACA87DD0528}.Release|Any CPU.ActiveCfg = Release|Any CPU
		{4F40E278-3576-4987-8913-3ACA87DD0528}.Release|Any CPU.Build.0 = Release|Any CPU
		{38665C9F-13A2-4F9E-BFAC-FE391FC6BCDF}.Debug|Any CPU.ActiveCfg = Debug|Any CPU
		{38665C9F-13A2-4F9E-BFAC-FE391FC6BCDF}.Debug|Any CPU.Build.0 = Debug|Any CPU
		{38665C9F-13A2-4F9E-BFAC-FE391FC6BCDF}.Release|Any CPU.ActiveCfg = Release|Any CPU
		{38665C9F-13A2-4F9E-BFAC-FE391FC6BCDF}.Release|Any CPU.Build.0 = Release|Any CPU
	EndGlobalSection
	GlobalSection(SolutionProperties) = preSolution
		HideSolutionNode = FALSE
	EndGlobalSection
	GlobalSection(ExtensibilityGlobals) = postSolution
		SolutionGuid = {0685EF04-C61B-4694-856E-D1E12853F82D}
	EndGlobalSection
EndGlobal
